
Microsoft Visual Studio Solution File, Format Version 12.00
# Visual Studio Version 17
VisualStudioVersion = 17.3.32819.101
MinimumVisualStudioVersion = 10.0.40219.1
Project("{FAE04EC0-301F-11D3-BF4B-00C04F79EFBC}") = "CsharpBasicPrograme", "CsharpBasicPrograme\CsharpBasicPrograme.csproj", "{2391565A-EC70-418F-A1FF-6E1552CC494B}"
EndProject
Global
	GlobalSection(SolutionConfigurationPlatforms) = preSolution
		Debug|Any CPU = Debug|Any CPU
		Release|Any CPU = Release|Any CPU
	EndGlobalSection
	GlobalSection(ProjectConfigurationPlatforms) = postSolution
		{2391565A-EC70-418F-A1FF-6E1552CC494B}.Debug|Any CPU.ActiveCfg = Debug|Any CPU
		{2391565A-EC70-418F-A1FF-6E1552CC494B}.Debug|Any CPU.Build.0 = Debug|Any CPU
		{2391565A-EC70-418F-A1FF-6E1552CC494B}.Release|Any CPU.ActiveCfg = Release|Any CPU
		{2391565A-EC70-418F-A1FF-6E1552CC494B}.Release|Any CPU.Build.0 = Release|Any CPU
	EndGlobalSection
	GlobalSection(SolutionProperties) = preSolution
		HideSolutionNode = FALSE
	EndGlobalSection
	GlobalSection(ExtensibilityGlobals) = postSolution
		SolutionGuid = {03778561-76A8-4345-AF66-AFC3EC52DFAD}
	EndGlobalSection
EndGlobal
